{"is_source_file": false, "format": "", "description": "", "external_files": [], "external_methods": [], "published": [], "classes": [], "methods": [], "calls": [], "search-terms": [], "state": 2, "file_id": 30, "knowledge_revision": 60, "git_revision": "66eb7b3ae4f8cbaf01fbd89dc6c794a796b9f4ae", "hash": "e9b4c3b42cef0193b7fddb548d37e652", "format-version": 4, "code-base-name": "default", "filename": "artistryhub_frontend/post_process_status.lock", "revision_history": [{"60": "66eb7b3ae4f8cbaf01fbd89dc6c794a796b9f4ae"}]}