{"is_source_file": false, "format": "", "description": "", "external_files": [], "external_methods": [], "published": [], "classes": [], "methods": [], "calls": [], "search-terms": [], "state": 2, "file_id": 29, "knowledge_revision": 53, "git_revision": "2da09e771bfcae52283255a4665c6ffc5260c95a", "hash": "9c4ed7ef73e22b872b8055bec08b8979", "format-version": 4, "code-base-name": "default", "filename": "artistryhub_frontend/post_process_status.lock", "revision_history": [{"53": "2da09e771bfcae52283255a4665c6ffc5260c95a"}]}